
Microsoft Visual Studio Solution File, Format Version 12.00
# Visual Studio Version 17
VisualStudioVersion = 17.2.32616.157
MinimumVisualStudioVersion = 10.0.40219.1
Project("{9A19103F-16F7-4668-BE54-9A1E7A4F7556}") = "GADE6122 Part 1 Marco st10037536", "GADE6122 Part 1 Marco st10037536\GADE6122 Part 1 Marco st10037536.csproj", "{9C23E861-BBAD-45B8-930F-DB5733BFED62}"
EndProject
Global
	GlobalSection(SolutionConfigurationPlatforms) = preSolution
		Debug|Any CPU = Debug|Any CPU
		Release|Any CPU = Release|Any CPU
	EndGlobalSection
	GlobalSection(ProjectConfigurationPlatforms) = postSolution
		{9C23E861-BBAD-45B8-930F-DB5733BFED62}.Debug|Any CPU.ActiveCfg = Debug|Any CPU
		{9C23E861-BBAD-45B8-930F-DB5733BFED62}.Debug|Any CPU.Build.0 = Debug|Any CPU
		{9C23E861-BBAD-45B8-930F-DB5733BFED62}.Release|Any CPU.ActiveCfg = Release|Any CPU
		{9C23E861-BBAD-45B8-930F-DB5733BFED62}.Release|Any CPU.Build.0 = Release|Any CPU
	EndGlobalSection
	GlobalSection(SolutionProperties) = preSolution
		HideSolutionNode = FALSE
	EndGlobalSection
	GlobalSection(ExtensibilityGlobals) = postSolution
		SolutionGuid = {6F9019CE-F760-4976-B804-66859738B5A7}
	EndGlobalSection
EndGlobal
